
Microsoft Visual Studio Solution File, Format Version 12.00
# Visual Studio Version 17
VisualStudioVersion = 17.9.34622.214
MinimumVisualStudioVersion = 10.0.40219.1
Project("{9A19103F-16F7-4668-BE54-9A1E7A4F7556}") = "RecipeApp", "RecipeApp.csproj", "{6EF5E8E4-8FE4-4A1C-98E4-47AC41028A38}"
EndProject
Project("{9A19103F-16F7-4668-BE54-9A1E7A4F7556}") = "RecipeApp.Test", "..\RecipeApp.Test\RecipeApp.Test.csproj", "{DB6F7F65-FBEC-4B20-8F40-FEF3D48B6184}"
EndProject
Global
	GlobalSection(SolutionConfigurationPlatforms) = preSolution
		Debug|Any CPU = Debug|Any CPU
		Release|Any CPU = Release|Any CPU
	EndGlobalSection
	GlobalSection(ProjectConfigurationPlatforms) = postSolution
		{6EF5E8E4-8FE4-4A1C-98E4-47AC41028A38}.Debug|Any CPU.ActiveCfg = Debug|Any CPU
		{6EF5E8E4-8FE4-4A1C-98E4-47AC41028A38}.Debug|Any CPU.Build.0 = Debug|Any CPU
		{6EF5E8E4-8FE4-4A1C-98E4-47AC41028A38}.Release|Any CPU.ActiveCfg = Release|Any CPU
		{6EF5E8E4-8FE4-4A1C-98E4-47AC41028A38}.Release|Any CPU.Build.0 = Release|Any CPU
		{DB6F7F65-FBEC-4B20-8F40-FEF3D48B6184}.Debug|Any CPU.ActiveCfg = Debug|Any CPU
		{DB6F7F65-FBEC-4B20-8F40-FEF3D48B6184}.Debug|Any CPU.Build.0 = Debug|Any CPU
		{DB6F7F65-FBEC-4B20-8F40-FEF3D48B6184}.Release|Any CPU.ActiveCfg = Release|Any CPU
		{DB6F7F65-FBEC-4B20-8F40-FEF3D48B6184}.Release|Any CPU.Build.0 = Release|Any CPU
	EndGlobalSection
	GlobalSection(SolutionProperties) = preSolution
		HideSolutionNode = FALSE
	EndGlobalSection
	GlobalSection(ExtensibilityGlobals) = postSolution
		SolutionGuid = {936BCB05-9E7A-43F5-8B4C-EC3F00F9F96A}
	EndGlobalSection
EndGlobal
